
Microsoft Visual Studio Solution File, Format Version 12.00
# Visual Studio Version 17
VisualStudioVersion = 17.11.35219.272
MinimumVisualStudioVersion = 10.0.40219.1
Project("{FAE04EC0-301F-11D3-BF4B-00C04F79EFBC}") = "EmailOTPConsoleApplication", "EmailOTPConsoleApplication.csproj", "{46DA6400-686F-448E-84DC-A3190FC50653}"
EndProject
Project("{FAE04EC0-301F-11D3-BF4B-00C04F79EFBC}") = "EmailOtpTest", "..\EmailOtpTest\EmailOtpTest.csproj", "{5B99F398-B702-467B-88DA-305929A77F45}"
EndProject
Global
	GlobalSection(SolutionConfigurationPlatforms) = preSolution
		Debug|Any CPU = Debug|Any CPU
		Release|Any CPU = Release|Any CPU
	EndGlobalSection
	GlobalSection(ProjectConfigurationPlatforms) = postSolution
		{46DA6400-686F-448E-84DC-A3190FC50653}.Debug|Any CPU.ActiveCfg = Debug|Any CPU
		{46DA6400-686F-448E-84DC-A3190FC50653}.Debug|Any CPU.Build.0 = Debug|Any CPU
		{46DA6400-686F-448E-84DC-A3190FC50653}.Release|Any CPU.ActiveCfg = Release|Any CPU
		{46DA6400-686F-448E-84DC-A3190FC50653}.Release|Any CPU.Build.0 = Release|Any CPU
		{5B99F398-B702-467B-88DA-305929A77F45}.Debug|Any CPU.ActiveCfg = Debug|Any CPU
		{5B99F398-B702-467B-88DA-305929A77F45}.Debug|Any CPU.Build.0 = Debug|Any CPU
		{5B99F398-B702-467B-88DA-305929A77F45}.Release|Any CPU.ActiveCfg = Release|Any CPU
		{5B99F398-B702-467B-88DA-305929A77F45}.Release|Any CPU.Build.0 = Release|Any CPU
	EndGlobalSection
	GlobalSection(SolutionProperties) = preSolution
		HideSolutionNode = FALSE
	EndGlobalSection
	GlobalSection(ExtensibilityGlobals) = postSolution
		SolutionGuid = {54A8B5E4-A563-4DFB-B5F0-F400BB418DB2}
	EndGlobalSection
EndGlobal
